
Microsoft Visual Studio Solution File, Format Version 12.00
# Visual Studio Version 17
VisualStudioVersion = 17.2.32616.157
MinimumVisualStudioVersion = 10.0.40219.1
Project("{FAE04EC0-301F-11D3-BF4B-00C04F79EFBC}") = "Business", "Business\Business.csproj", "{7D093F44-18F2-432F-8E0F-DA637D4F73C6}"
EndProject
Project("{FAE04EC0-301F-11D3-BF4B-00C04F79EFBC}") = "Core", "Core\Core.csproj", "{06D62F3E-5654-435A-86F7-5BAA7DDD5387}"
EndProject
Project("{FAE04EC0-301F-11D3-BF4B-00C04F79EFBC}") = "DataAccess", "DataAccess\DataAccess.csproj", "{F7F3F7FB-DEDA-4939-A058-7FD162A50B00}"
EndProject
Project("{FAE04EC0-301F-11D3-BF4B-00C04F79EFBC}") = "Entities", "Entities\Entities.csproj", "{837798C2-B43D-4FE4-91C1-8F89F3C25EA6}"
EndProject
Project("{FAE04EC0-301F-11D3-BF4B-00C04F79EFBC}") = "WebAPI", "WebAPI\WebAPI.csproj", "{2CB23D53-545A-4D84-82FF-F0D0F913EF0C}"
EndProject
Global
	GlobalSection(SolutionConfigurationPlatforms) = preSolution
		Debug|Any CPU = Debug|Any CPU
		Release|Any CPU = Release|Any CPU
	EndGlobalSection
	GlobalSection(ProjectConfigurationPlatforms) = postSolution
		{7D093F44-18F2-432F-8E0F-DA637D4F73C6}.Debug|Any CPU.ActiveCfg = Debug|Any CPU
		{7D093F44-18F2-432F-8E0F-DA637D4F73C6}.Debug|Any CPU.Build.0 = Debug|Any CPU
		{7D093F44-18F2-432F-8E0F-DA637D4F73C6}.Release|Any CPU.ActiveCfg = Release|Any CPU
		{7D093F44-18F2-432F-8E0F-DA637D4F73C6}.Release|Any CPU.Build.0 = Release|Any CPU
		{06D62F3E-5654-435A-86F7-5BAA7DDD5387}.Debug|Any CPU.ActiveCfg = Debug|Any CPU
		{06D62F3E-5654-435A-86F7-5BAA7DDD5387}.Debug|Any CPU.Build.0 = Debug|Any CPU
		{06D62F3E-5654-435A-86F7-5BAA7DDD5387}.Release|Any CPU.ActiveCfg = Release|Any CPU
		{06D62F3E-5654-435A-86F7-5BAA7DDD5387}.Release|Any CPU.Build.0 = Release|Any CPU
		{F7F3F7FB-DEDA-4939-A058-7FD162A50B00}.Debug|Any CPU.ActiveCfg = Debug|Any CPU
		{F7F3F7FB-DEDA-4939-A058-7FD162A50B00}.Debug|Any CPU.Build.0 = Debug|Any CPU
		{F7F3F7FB-DEDA-4939-A058-7FD162A50B00}.Release|Any CPU.ActiveCfg = Release|Any CPU
		{F7F3F7FB-DEDA-4939-A058-7FD162A50B00}.Release|Any CPU.Build.0 = Release|Any CPU
		{837798C2-B43D-4FE4-91C1-8F89F3C25EA6}.Debug|Any CPU.ActiveCfg = Debug|Any CPU
		{837798C2-B43D-4FE4-91C1-8F89F3C25EA6}.Debug|Any CPU.Build.0 = Debug|Any CPU
		{837798C2-B43D-4FE4-91C1-8F89F3C25EA6}.Release|Any CPU.ActiveCfg = Release|Any CPU
		{837798C2-B43D-4FE4-91C1-8F89F3C25EA6}.Release|Any CPU.Build.0 = Release|Any CPU
		{2CB23D53-545A-4D84-82FF-F0D0F913EF0C}.Debug|Any CPU.ActiveCfg = Debug|Any CPU
		{2CB23D53-545A-4D84-82FF-F0D0F913EF0C}.Debug|Any CPU.Build.0 = Debug|Any CPU
		{2CB23D53-545A-4D84-82FF-F0D0F913EF0C}.Release|Any CPU.ActiveCfg = Release|Any CPU
		{2CB23D53-545A-4D84-82FF-F0D0F913EF0C}.Release|Any CPU.Build.0 = Release|Any CPU
	EndGlobalSection
	GlobalSection(SolutionProperties) = preSolution
		HideSolutionNode = FALSE
	EndGlobalSection
	GlobalSection(ExtensibilityGlobals) = postSolution
		SolutionGuid = {5B19D53D-8F51-4893-8A3B-DE87FB2297F9}
	EndGlobalSection
EndGlobal
